// !$*UTF8*$!
{
	archiveVersion = 1;
	classes = {
	};
	objectVersion = 50;
	objects = {

/* Begin PBXBuildFile section */
		96451AF624C2E82B006632C2 /* Constants.swift in Sources */ = {isa = PBXBuildFile; fileRef = 96451AF524C2E82B006632C2 /* Constants.swift */; };
		96451AFC24C2E993006632C2 /* Color.swift in Sources */ = {isa = PBXBuildFile; fileRef = 96451AFB24C2E993006632C2 /* Color.swift */; };
		9677D69F24C3937800954F82 /* DrillRow.swift in Sources */ = {isa = PBXBuildFile; fileRef = 9677D69E24C3937800954F82 /* DrillRow.swift */; };
		96AA708E24C267FF00297869 /* AppDelegate.swift in Sources */ = {isa = PBXBuildFile; fileRef = 96AA708D24C267FF00297869 /* AppDelegate.swift */; };
		96AA709024C267FF00297869 /* SceneDelegate.swift in Sources */ = {isa = PBXBuildFile; fileRef = 96AA708F24C267FF00297869 /* SceneDelegate.swift */; };
		96AA709224C267FF00297869 /* DrillDetail.swift in Sources */ = {isa = PBXBuildFile; fileRef = 96AA709124C267FF00297869 /* DrillDetail.swift */; };
		96AA709424C2680300297869 /* Assets.xcassets in Resources */ = {isa = PBXBuildFile; fileRef = 96AA709324C2680300297869 /* Assets.xcassets */; };
		96AA709724C2680300297869 /* Preview Assets.xcassets in Resources */ = {isa = PBXBuildFile; fileRef = 96AA709624C2680300297869 /* Preview Assets.xcassets */; };
		96AA709A24C2680300297869 /* LaunchScreen.storyboard in Resources */ = {isa = PBXBuildFile; fileRef = 96AA709824C2680300297869 /* LaunchScreen.storyboard */; };
		96AA70A324C2696F00297869 /* Drills.json in Resources */ = {isa = PBXBuildFile; fileRef = 96AA70A224C2696F00297869 /* Drills.json */; };
		96AA70A624C269BB00297869 /* Data.swift in Sources */ = {isa = PBXBuildFile; fileRef = 96AA70A524C269BB00297869 /* Data.swift */; };
		96AA70A824C26A5300297869 /* Drill.swift in Sources */ = {isa = PBXBuildFile; fileRef = 96AA70A724C26A5300297869 /* Drill.swift */; };
		96AA70AA24C2708B00297869 /* DrillList.swift in Sources */ = {isa = PBXBuildFile; fileRef = 96AA70A924C2708B00297869 /* DrillList.swift */; };
		96CC3A6B24C2D72C009A4796 /* VideoPlayer.swift in Sources */ = {isa = PBXBuildFile; fileRef = 96CC3A6A24C2D72C009A4796 /* VideoPlayer.swift */; };
		96CC3A6D24C2E07D009A4796 /* PlayerContainerView.swift in Sources */ = {isa = PBXBuildFile; fileRef = 96CC3A6C24C2E07D009A4796 /* PlayerContainerView.swift */; };
		96CC3A7024C2E241009A4796 /* PlayerControlsView.swift in Sources */ = {isa = PBXBuildFile; fileRef = 96CC3A6F24C2E241009A4796 /* PlayerControlsView.swift */; };
/* End PBXBuildFile section */

/* Begin PBXFileReference section */
		96451AF524C2E82B006632C2 /* Constants.swift */ = {isa = PBXFileReference; lastKnownFileType = sourcecode.swift; path = Constants.swift; sourceTree = "<group>"; };
		96451AFB24C2E993006632C2 /* Color.swift */ = {isa = PBXFileReference; lastKnownFileType = sourcecode.swift; path = Color.swift; sourceTree = "<group>"; };
		9677D69E24C3937800954F82 /* DrillRow.swift */ = {isa = PBXFileReference; lastKnownFileType = sourcecode.swift; path = DrillRow.swift; sourceTree = "<group>"; };
		96AA708A24C267FF00297869 /* DrillsApp.app */ = {isa = PBXFileReference; explicitFileType = wrapper.application; includeInIndex = 0; path = DrillsApp.app; sourceTree = BUILT_PRODUCTS_DIR; };
		96AA708D24C267FF00297869 /* AppDelegate.swift */ = {isa = PBXFileReference; lastKnownFileType = sourcecode.swift; path = AppDelegate.swift; sourceTree = "<group>"; };
		96AA708F24C267FF00297869 /* SceneDelegate.swift */ = {isa = PBXFileReference; lastKnownFileType = sourcecode.swift; path = SceneDelegate.swift; sourceTree = "<group>"; };
		96AA709124C267FF00297869 /* DrillDetail.swift */ = {isa = PBXFileReference; lastKnownFileType = sourcecode.swift; path = DrillDetail.swift; sourceTree = "<group>"; };
		96AA709324C2680300297869 /* Assets.xcassets */ = {isa = PBXFileReference; lastKnownFileType = folder.assetcatalog; path = Assets.xcassets; sourceTree = "<group>"; };
		96AA709624C2680300297869 /* Preview Assets.xcassets */ = {isa = PBXFileReference; lastKnownFileType = folder.assetcatalog; path = "Preview Assets.xcassets"; sourceTree = "<group>"; };
		96AA709924C2680300297869 /* Base */ = {isa = PBXFileReference; lastKnownFileType = file.storyboard; name = Base; path = Base.lproj/LaunchScreen.storyboard; sourceTree = "<group>"; };
		96AA709B24C2680300297869 /* Info.plist */ = {isa = PBXFileReference; lastKnownFileType = text.plist.xml; path = Info.plist; sourceTree = "<group>"; };
		96AA70A224C2696F00297869 /* Drills.json */ = {isa = PBXFileReference; fileEncoding = 4; lastKnownFileType = text.json; name = Drills.json; path = ../../../../../Downloads/Drills.json; sourceTree = "<group>"; };
		96AA70A524C269BB00297869 /* Data.swift */ = {isa = PBXFileReference; lastKnownFileType = sourcecode.swift; path = Data.swift; sourceTree = "<group>"; };
		96AA70A724C26A5300297869 /* Drill.swift */ = {isa = PBXFileReference; lastKnownFileType = sourcecode.swift; path = Drill.swift; sourceTree = "<group>"; };
		96AA70A924C2708B00297869 /* DrillList.swift */ = {isa = PBXFileReference; lastKnownFileType = sourcecode.swift; path = DrillList.swift; sourceTree = "<group>"; };
		96CC3A6A24C2D72C009A4796 /* VideoPlayer.swift */ = {isa = PBXFileReference; lastKnownFileType = sourcecode.swift; path = VideoPlayer.swift; sourceTree = "<group>"; };
		96CC3A6C24C2E07D009A4796 /* PlayerContainerView.swift */ = {isa = PBXFileReference; lastKnownFileType = sourcecode.swift; path = PlayerContainerView.swift; sourceTree = "<group>"; };
		96CC3A6F24C2E241009A4796 /* PlayerControlsView.swift */ = {isa = PBXFileReference; lastKnownFileType = sourcecode.swift; path = PlayerControlsView.swift; sourceTree = "<group>"; };
/* End PBXFileReference section */

/* Begin PBXFrameworksBuildPhase section */
		96AA708724C267FF00297869 /* Frameworks */ = {
			isa = PBXFrameworksBuildPhase;
			buildActionMask = 2147483647;
			files = (
			);
			runOnlyForDeploymentPostprocessing = 0;
		};
/* End PBXFrameworksBuildPhase section */

/* Begin PBXGroup section */
		96451AF824C2E8C1006632C2 /* Views */ = {
			isa = PBXGroup;
			children = (
				9677D69E24C3937800954F82 /* DrillRow.swift */,
			);
			path = Views;
			sourceTree = "<group>";
		};
		96AA708124C267FF00297869 = {
			isa = PBXGroup;
			children = (
				96AA708C24C267FF00297869 /* DrillsApp */,
				96AA708B24C267FF00297869 /* Products */,
			);
			sourceTree = "<group>";
		};
		96AA708B24C267FF00297869 /* Products */ = {
			isa = PBXGroup;
			children = (
				96AA708A24C267FF00297869 /* DrillsApp.app */,
			);
			name = Products;
			sourceTree = "<group>";
		};
		96AA708C24C267FF00297869 /* DrillsApp */ = {
			isa = PBXGroup;
			children = (
				96451AF824C2E8C1006632C2 /* Views */,
				96AA70A424C269A100297869 /* Models */,
				96AA70A124C2694D00297869 /* Resources */,
				96AA708D24C267FF00297869 /* AppDelegate.swift */,
				96AA708F24C267FF00297869 /* SceneDelegate.swift */,
				96AA709124C267FF00297869 /* DrillDetail.swift */,
				96AA70A924C2708B00297869 /* DrillList.swift */,
				96CC3A6C24C2E07D009A4796 /* PlayerContainerView.swift */,
				96CC3A6F24C2E241009A4796 /* PlayerControlsView.swift */,
				96CC3A6A24C2D72C009A4796 /* VideoPlayer.swift */,
				96AA709324C2680300297869 /* Assets.xcassets */,
				96AA709824C2680300297869 /* LaunchScreen.storyboard */,
				96AA709B24C2680300297869 /* Info.plist */,
				96AA709524C2680300297869 /* Preview Content */,
			);
			path = DrillsApp;
			sourceTree = "<group>";
		};
		96AA709524C2680300297869 /* Preview Content */ = {
			isa = PBXGroup;
			children = (
				96AA709624C2680300297869 /* Preview Assets.xcassets */,
			);
			path = "Preview Content";
			sourceTree = "<group>";
		};
		96AA70A124C2694D00297869 /* Resources */ = {
			isa = PBXGroup;
			children = (
				96AA70A224C2696F00297869 /* Drills.json */,
			);
			path = Resources;
			sourceTree = "<group>";
		};
		96AA70A424C269A100297869 /* Models */ = {
			isa = PBXGroup;
			children = (
				96AA70A524C269BB00297869 /* Data.swift */,
				96AA70A724C26A5300297869 /* Drill.swift */,
				96451AF524C2E82B006632C2 /* Constants.swift */,
				96451AFB24C2E993006632C2 /* Color.swift */,
			);
			path = Models;
			sourceTree = "<group>";
		};
/* End PBXGroup section */

/* Begin PBXNativeTarget section */
		96AA708924C267FF00297869 /* DrillsApp */ = {
			isa = PBXNativeTarget;
			buildConfigurationList = 96AA709E24C2680300297869 /* Build configuration list for PBXNativeTarget "DrillsApp" */;
			buildPhases = (
				96AA708624C267FF00297869 /* Sources */,
				96AA708724C267FF00297869 /* Frameworks */,
				96AA708824C267FF00297869 /* Resources */,
			);
			buildRules = (
			);
			dependencies = (
			);
			name = DrillsApp;
			productName = DrillsApp;
			productReference = 96AA708A24C267FF00297869 /* DrillsApp.app */;
			productType = "com.apple.product-type.application";
		};
/* End PBXNativeTarget section */

/* Begin PBXProject section */
		96AA708224C267FF00297869 /* Project object */ = {
			isa = PBXProject;
			attributes = {
				LastSwiftUpdateCheck = 1150;
				LastUpgradeCheck = 1150;
				ORGANIZATIONNAME = "Thomas James Stuart";
				TargetAttributes = {
					96AA708924C267FF00297869 = {
						CreatedOnToolsVersion = 11.5;
					};
				};
			};
			buildConfigurationList = 96AA708524C267FF00297869 /* Build configuration list for PBXProject "DrillsApp" */;
			compatibilityVersion = "Xcode 9.3";
			developmentRegion = en;
			hasScannedForEncodings = 0;
			knownRegions = (
				en,
				Base,
			);
			mainGroup = 96AA708124C267FF00297869;
			productRefGroup = 96AA708B24C267FF00297869 /* Products */;
			projectDirPath = "";
			projectRoot = "";
			targets = (
				96AA708924C267FF00297869 /* DrillsApp */,
			);
		};
/* End PBXProject section */

/* Begin PBXResourcesBuildPhase section */
		96AA708824C267FF00297869 /* Resources */ = {
			isa = PBXResourcesBuildPhase;
			buildActionMask = 2147483647;
			files = (
				96AA709A24C2680300297869 /* LaunchScreen.storyboard in Resources */,
				96AA70A324C2696F00297869 /* Drills.json in Resources */,
				96AA709724C2680300297869 /* Preview Assets.xcassets in Resources */,
				96AA709424C2680300297869 /* Assets.xcassets in Resources */,
			);
			runOnlyForDeploymentPostprocessing = 0;
		};
/* End PBXResourcesBuildPhase section */

/* Begin PBXSourcesBuildPhase section */
		96AA708624C267FF00297869 /* Sources */ = {
			isa = PBXSourcesBuildPhase;
			buildActionMask = 2147483647;
			files = (
				96CC3A6B24C2D72C009A4796 /* VideoPlayer.swift in Sources */,
				96AA708E24C267FF00297869 /* AppDelegate.swift in Sources */,
				96AA709024C267FF00297869 /* SceneDelegate.swift in Sources */,
				96AA70AA24C2708B00297869 /* DrillList.swift in Sources */,
				9677D69F24C3937800954F82 /* DrillRow.swift in Sources */,
				96AA709224C267FF00297869 /* DrillDetail.swift in Sources */,
				96451AFC24C2E993006632C2 /* Color.swift in Sources */,
				96451AF624C2E82B006632C2 /* Constants.swift in Sources */,
				96CC3A7024C2E241009A4796 /* PlayerControlsView.swift in Sources */,
				96AA70A624C269BB00297869 /* Data.swift in Sources */,
				96AA70A824C26A5300297869 /* Drill.swift in Sources */,
				96CC3A6D24C2E07D009A4796 /* PlayerContainerView.swift in Sources */,
			);
			runOnlyForDeploymentPostprocessing = 0;
		};
/* End PBXSourcesBuildPhase section */

/* Begin PBXVariantGroup section */
		96AA709824C2680300297869 /* LaunchScreen.storyboard */ = {
			isa = PBXVariantGroup;
			children = (
				96AA709924C2680300297869 /* Base */,
			);
			name = LaunchScreen.storyboard;
			sourceTree = "<group>";
		};
/* End PBXVariantGroup section */

/* Begin XCBuildConfiguration section */
		96AA709C24C2680300297869 /* Debug */ = {
			isa = XCBuildConfiguration;
			buildSettings = {
				ALWAYS_SEARCH_USER_PATHS = NO;
				CLANG_ANALYZER_NONNULL = YES;
				CLANG_ANALYZER_NUMBER_OBJECT_CONVERSION = YES_AGGRESSIVE;
				CLANG_CXX_LANGUAGE_STANDARD = "gnu++14";
				CLANG_CXX_LIBRARY = "libc++";
				CLANG_ENABLE_MODULES = YES;
				CLANG_ENABLE_OBJC_ARC = YES;
				CLANG_ENABLE_OBJC_WEAK = YES;
				CLANG_WARN_BLOCK_CAPTURE_AUTORELEASING = YES;
				CLANG_WARN_BOOL_CONVERSION = YES;
				CLANG_WARN_COMMA = YES;
				CLANG_WARN_CONSTANT_CONVERSION = YES;
				CLANG_WARN_DEPRECATED_OBJC_IMPLEMENTATIONS = YES;
				CLANG_WARN_DIRECT_OBJC_ISA_USAGE = YES_ERROR;
				CLANG_WARN_DOCUMENTATION_COMMENTS = YES;
				CLANG_WARN_EMPTY_BODY = YES;
				CLANG_WARN_ENUM_CONVERSION = YES;
				CLANG_WARN_INFINITE_RECURSION = YES;
				CLANG_WARN_INT_CONVERSION = YES;
				CLANG_WARN_NON_LITERAL_NULL_CONVERSION = YES;
				CLANG_WARN_OBJC_IMPLICIT_RETAIN_SELF = YES;
				CLANG_WARN_OBJC_LITERAL_CONVERSION = YES;
				CLANG_WARN_OBJC_ROOT_CLASS = YES_ERROR;
				CLANG_WARN_RANGE_LOOP_ANALYSIS = YES;
				CLANG_WARN_STRICT_PROTOTYPES = YES;
				CLANG_WARN_SUSPICIOUS_MOVE = YES;
				CLANG_WARN_UNGUARDED_AVAILABILITY = YES_AGGRESSIVE;
				CLANG_WARN_UNREACHABLE_CODE = YES;
				CLANG_WARN__DUPLICATE_METHOD_MATCH = YES;
				COPY_PHASE_STRIP = NO;
				DEBUG_INFORMATION_FORMAT = dwarf;
				ENABLE_STRICT_OBJC_MSGSEND = YES;
				ENABLE_TESTABILITY = YES;
				GCC_C_LANGUAGE_STANDARD = gnu11;
				GCC_DYNAMIC_NO_PIC = NO;
				GCC_NO_COMMON_BLOCKS = YES;
				GCC_OPTIMIZATION_LEVEL = 0;
				GCC_PREPROCESSOR_DEFINITIONS = (
					"DEBUG=1",
					"$(inherited)",
				);
				GCC_WARN_64_TO_32_BIT_CONVERSION = YES;
				GCC_WARN_ABOUT_RETURN_TYPE = YES_ERROR;
				GCC_WARN_UNDECLARED_SELECTOR = YES;
				GCC_WARN_UNINITIALIZED_AUTOS = YES_AGGRESSIVE;
				GCC_WARN_UNUSED_FUNCTION = YES;
				GCC_WARN_UNUSED_VARIABLE = YES;
				IPHONEOS_DEPLOYMENT_TARGET = 13.5;
				MTL_ENABLE_DEBUG_INFO = INCLUDE_SOURCE;
				MTL_FAST_MATH = YES;
				ONLY_ACTIVE_ARCH = YES;
				SDKROOT = iphoneos;
				SWIFT_ACTIVE_COMPILATION_CONDITIONS = DEBUG;
				SWIFT_OPTIMIZATION_LEVEL = "-Onone";
			};
			name = Debug;
		};
		96AA709D24C2680300297869 /* Release */ = {
			isa = XCBuildConfiguration;
			buildSettings = {
				ALWAYS_SEARCH_USER_PATHS = NO;
				CLANG_ANALYZER_NONNULL = YES;
				CLANG_ANALYZER_NUMBER_OBJECT_CONVERSION = YES_AGGRESSIVE;
				CLANG_CXX_LANGUAGE_STANDARD = "gnu++14";
				CLANG_CXX_LIBRARY = "libc++";
				CLANG_ENABLE_MODULES = YES;
				CLANG_ENABLE_OBJC_ARC = YES;
				CLANG_ENABLE_OBJC_WEAK = YES;
				CLANG_WARN_BLOCK_CAPTURE_AUTORELEASING = YES;
				CLANG_WARN_BOOL_CONVERSION = YES;
				CLANG_WARN_COMMA = YES;
				CLANG_WARN_CONSTANT_CONVERSION = YES;
				CLANG_WARN_DEPRECATED_OBJC_IMPLEMENTATIONS = YES;
				CLANG_WARN_DIRECT_OBJC_ISA_USAGE = YES_ERROR;
				CLANG_WARN_DOCUMENTATION_COMMENTS = YES;
				CLANG_WARN_EMPTY_BODY = YES;
				CLANG_WARN_ENUM_CONVERSION = YES;
				CLANG_WARN_INFINITE_RECURSION = YES;
				CLANG_WARN_INT_CONVERSION = YES;
				CLANG_WARN_NON_LITERAL_NULL_CONVERSION = YES;
				CLANG_WARN_OBJC_IMPLICIT_RETAIN_SELF = YES;
				CLANG_WARN_OBJC_LITERAL_CONVERSION = YES;
				CLANG_WARN_OBJC_ROOT_CLASS = YES_ERROR;
				CLANG_WARN_RANGE_LOOP_ANALYSIS = YES;
				CLANG_WARN_STRICT_PROTOTYPES = YES;
				CLANG_WARN_SUSPICIOUS_MOVE = YES;
				CLANG_WARN_UNGUARDED_AVAILABILITY = YES_AGGRESSIVE;
				CLANG_WARN_UNREACHABLE_CODE = YES;
				CLANG_WARN__DUPLICATE_METHOD_MATCH = YES;
				COPY_PHASE_STRIP = NO;
				DEBUG_INFORMATION_FORMAT = "dwarf-with-dsym";
				ENABLE_NS_ASSERTIONS = NO;
				ENABLE_STRICT_OBJC_MSGSEND = YES;
				GCC_C_LANGUAGE_STANDARD = gnu11;
				GCC_NO_COMMON_BLOCKS = YES;
				GCC_WARN_64_TO_32_BIT_CONVERSION = YES;
				GCC_WARN_ABOUT_RETURN_TYPE = YES_ERROR;
				GCC_WARN_UNDECLARED_SELECTOR = YES;
				GCC_WARN_UNINITIALIZED_AUTOS = YES_AGGRESSIVE;
				GCC_WARN_UNUSED_FUNCTION = YES;
				GCC_WARN_UNUSED_VARIABLE = YES;
				IPHONEOS_DEPLOYMENT_TARGET = 13.5;
				MTL_ENABLE_DEBUG_INFO = NO;
				MTL_FAST_MATH = YES;
				SDKROOT = iphoneos;
				SWIFT_COMPILATION_MODE = wholemodule;
				SWIFT_OPTIMIZATION_LEVEL = "-O";
				VALIDATE_PRODUCT = YES;
			};
			name = Release;
		};
		96AA709F24C2680300297869 /* Debug */ = {
			isa = XCBuildConfiguration;
			buildSettings = {
				ASSETCATALOG_COMPILER_APPICON_NAME = AppIcon;
				CODE_SIGN_STYLE = Automatic;
				DEVELOPMENT_ASSET_PATHS = "\"DrillsApp/Preview Content\"";
				DEVELOPMENT_TEAM = 8ABKTPRP24;
				ENABLE_PREVIEWS = YES;
				INFOPLIST_FILE = DrillsApp/Info.plist;
				LD_RUNPATH_SEARCH_PATHS = (
					"$(inherited)",
					"@executable_path/Frameworks",
				);
				PRODUCT_BUNDLE_IDENTIFIER = learncpp.DrillsApp;
				PRODUCT_NAME = "$(TARGET_NAME)";
				SWIFT_VERSION = 5.0;
				TARGETED_DEVICE_FAMILY = "1,2";
			};
			name = Debug;
		};
		96AA70A024C2680300297869 /* Release */ = {
			isa = XCBuildConfiguration;
			buildSettings = {
				ASSETCATALOG_COMPILER_APPICON_NAME = AppIcon;
				CODE_SIGN_STYLE = Automatic;
				DEVELOPMENT_ASSET_PATHS = "\"DrillsApp/Preview Content\"";
				DEVELOPMENT_TEAM = 8ABKTPRP24;
				ENABLE_PREVIEWS = YES;
				INFOPLIST_FILE = DrillsApp/Info.plist;
				LD_RUNPATH_SEARCH_PATHS = (
					"$(inherited)",
					"@executable_path/Frameworks",
				);
				PRODUCT_BUNDLE_IDENTIFIER = learncpp.DrillsApp;
				PRODUCT_NAME = "$(TARGET_NAME)";
				SWIFT_VERSION = 5.0;
				TARGETED_DEVICE_FAMILY = "1,2";
			};
			name = Release;
		};
/* End XCBuildConfiguration section */

/* Begin XCConfigurationList section */
		96AA708524C267FF00297869 /* Build configuration list for PBXProject "DrillsApp" */ = {
			isa = XCConfigurationList;
			buildConfigurations = (
				96AA709C24C2680300297869 /* Debug */,
				96AA709D24C2680300297869 /* Release */,
			);
			defaultConfigurationIsVisible = 0;
			defaultConfigurationName = Release;
		};
		96AA709E24C2680300297869 /* Build configuration list for PBXNativeTarget "DrillsApp" */ = {
			isa = XCConfigurationList;
			buildConfigurations = (
				96AA709F24C2680300297869 /* Debug */,
				96AA70A024C2680300297869 /* Release */,
			);
			defaultConfigurationIsVisible = 0;
			defaultConfigurationName = Release;
		};
/* End XCConfigurationList section */
	};
	rootObject = 96AA708224C267FF00297869 /* Project object */;
}
